
Microsoft Visual Studio Solution File, Format Version 12.00
# Visual Studio Version 16
VisualStudioVersion = 16.0.29806.167
MinimumVisualStudioVersion = 10.0.40219.1
Project("{2150E333-8FDC-42A3-9474-1A3956D46DE8}") = "01_CLR", "01_CLR", "{90F749DB-F337-497A-A56C-9BBD84A110EE}"
EndProject
Project("{2150E333-8FDC-42A3-9474-1A3956D46DE8}") = "02_Heap vs Stack", "02_Heap vs Stack", "{70683B93-554C-45C0-B01E-CCC64854B1E7}"
EndProject
Project("{2150E333-8FDC-42A3-9474-1A3956D46DE8}") = "03_Objects and Types", "03_Objects and Types", "{A98C18E5-BFA9-4646-AF87-905914137FA5}"
EndProject
Project("{2150E333-8FDC-42A3-9474-1A3956D46DE8}") = "04_Inheritance and Polymorphism", "04_Inheritance and Polymorphism", "{CD8BD7F4-3D6A-46E9-A9B6-5ADFEE4B6CB5}"
EndProject
Project("{2150E333-8FDC-42A3-9474-1A3956D46DE8}") = "05_Generics", "05_Generics", "{C9FBE807-ED41-4CFC-836C-50BECFF062F5}"
EndProject
Project("{2150E333-8FDC-42A3-9474-1A3956D46DE8}") = "06_Delegates and Lambdas", "06_Delegates and Lambdas", "{CBA00A2D-6F82-4136-A5D2-E9AA3A628DEA}"
EndProject
Project("{2150E333-8FDC-42A3-9474-1A3956D46DE8}") = "07_Events", "07_Events", "{E0DB6912-7CD4-4DA9-8998-1D8EB8FA73F4}"
EndProject
Project("{2150E333-8FDC-42A3-9474-1A3956D46DE8}") = "08_LINQ", "08_LINQ", "{87227A32-E5D6-4D08-A247-96FBBF5FC035}"
EndProject
Project("{2150E333-8FDC-42A3-9474-1A3956D46DE8}") = "09_Expression Trees", "09_Expression Trees", "{51DD1A28-DAE7-4B53-A7A2-4C66172A78B7}"
EndProject
Project("{2150E333-8FDC-42A3-9474-1A3956D46DE8}") = "10_Arrays and Tuples", "10_Arrays and Tuples", "{630438EC-05B0-4078-8523-DC122CF1C040}"
EndProject
Project("{2150E333-8FDC-42A3-9474-1A3956D46DE8}") = "11_Checked and Unchecked", "11_Checked and Unchecked", "{5DFFB275-6FBA-45FB-926B-BF30D6E8F00F}"
EndProject
Project("{2150E333-8FDC-42A3-9474-1A3956D46DE8}") = "12_Boxing and Unboxing", "12_Boxing and Unboxing", "{EB5004D0-DFD4-42ED-B384-6A8D59A27693}"
EndProject
Project("{2150E333-8FDC-42A3-9474-1A3956D46DE8}") = "13_Generic Structs", "13_Generic Structs", "{423C1138-C0C2-46A6-9DD8-849B2A28AE51}"
EndProject
Project("{2150E333-8FDC-42A3-9474-1A3956D46DE8}") = "14_Regular Expressions", "14_Regular Expressions", "{496489F9-02C9-4DBD-8530-4B222547D794}"
EndProject
Project("{2150E333-8FDC-42A3-9474-1A3956D46DE8}") = "15_Reflection", "15_Reflection", "{381DC3DE-F232-4124-BF86-CD298A5D5E64}"
EndProject
Project("{2150E333-8FDC-42A3-9474-1A3956D46DE8}") = "16_Dynamic Language Extensions", "16_Dynamic Language Extensions", "{8870DD37-9540-43EA-BA25-4229F9332A53}"
EndProject
Project("{2150E333-8FDC-42A3-9474-1A3956D46DE8}") = "17_Best Practices", "17_Best Practices", "{1608D7A5-C09F-46B7-8A90-D90836532C0B}"
EndProject
Project("{FAE04EC0-301F-11D3-BF4B-00C04F79EFBC}") = "RefAndValue Pass", "PassingReferencetoOriginal Value\RefAndValue Pass.csproj", "{B8C56809-600D-42A4-9AE6-C9F2D0F65F2B}"
EndProject
Project("{FAE04EC0-301F-11D3-BF4B-00C04F79EFBC}") = "Demonstration", "Demonstration\Demonstration.csproj", "{B19D38D1-D78F-401D-BC29-ECC8199D52EE}"
EndProject
Project("{FAE04EC0-301F-11D3-BF4B-00C04F79EFBC}") = "IDisposableAndDestructor", "IDisposableAndDestructor\IDisposableAndDestructor.csproj", "{035B7F13-D524-40C2-8260-19CBCF78D168}"
EndProject
Project("{FAE04EC0-301F-11D3-BF4B-00C04F79EFBC}") = "NamedArguments", "NamedArguments\NamedArguments.csproj", "{E948D261-5380-47CB-A439-484885281B2E}"
EndProject
Project("{FAE04EC0-301F-11D3-BF4B-00C04F79EFBC}") = "OptionalArguments", "OptionalArguments\OptionalArguments.csproj", "{47845F80-110D-4E65-A089-1EFB41C498F1}"
EndProject
Project("{FAE04EC0-301F-11D3-BF4B-00C04F79EFBC}") = "Params", "Params\Params.csproj", "{4C7C0200-9B04-4957-877E-9DBC40B27E01}"
EndProject
Project("{FAE04EC0-301F-11D3-BF4B-00C04F79EFBC}") = "Singleton", "Singleton\Singleton.csproj", "{1BD28FE9-2368-4538-AB41-8CDF617F5F2C}"
EndProject
Project("{FAE04EC0-301F-11D3-BF4B-00C04F79EFBC}") = "HidingAndVirtualMethods", "HidingAndVirtualMethods\HidingAndVirtualMethods.csproj", "{4D6DA908-CED3-4869-BFA8-27E8CD4961DA}"
EndProject
Project("{FAE04EC0-301F-11D3-BF4B-00C04F79EFBC}") = "ImplicitvsExplicitImplementation", "ImplicitvsExplicitImplementation\ImplicitvsExplicitImplementation.csproj", "{22A049D9-F697-4C65-9F6F-8BB53C4DDD3A}"
EndProject
Project("{FAE04EC0-301F-11D3-BF4B-00C04F79EFBC}") = "BpxingAndUnBoxing", "AspectsofGenerics\BpxingAndUnBoxing.csproj", "{D4CEFAC0-825C-48A5-B7DA-65FA4B197F29}"
EndProject
Project("{FAE04EC0-301F-11D3-BF4B-00C04F79EFBC}") = "LinkedListNode", "LinkedListNode\LinkedListNode.csproj", "{AE379D31-70D0-4383-AE5F-EE0412F0EEBC}"
EndProject
Project("{FAE04EC0-301F-11D3-BF4B-00C04F79EFBC}") = "CovarianceAndContra-Variance", "Covariance\CovarianceAndContra-Variance.csproj", "{79BA599E-5479-4DB0-B14A-9FD3F93B220F}"
EndProject
Project("{FAE04EC0-301F-11D3-BF4B-00C04F79EFBC}") = "GenericMethods", "GenericMethods\GenericMethods.csproj", "{54A7CA6D-5768-4089-BA52-4B06459C280C}"
EndProject
Project("{FAE04EC0-301F-11D3-BF4B-00C04F79EFBC}") = "GenericMethodswithConstraints", "GenericMethodswithConstraints\GenericMethodswithConstraints.csproj", "{A35F5632-06DB-43CE-907B-01C209B85C15}"
EndProject
Project("{FAE04EC0-301F-11D3-BF4B-00C04F79EFBC}") = "GenericMethodsSpecialization", "GenericMethodsSpecialization\GenericMethodsSpecialization.csproj", "{AC748865-0FA1-4ACB-86C5-99FC8A41FCEF}"
EndProject
Project("{FAE04EC0-301F-11D3-BF4B-00C04F79EFBC}") = "Delegate", "Delegate\Delegate.csproj", "{66D44372-5CED-496C-9C93-D52EB4BE3349}"
EndProject
Project("{FAE04EC0-301F-11D3-BF4B-00C04F79EFBC}") = "Anonymous", "AnonymousMethods\Anonymous.csproj", "{089985E8-645B-445E-A0E6-A99982BD6062}"
EndProject
Project("{FAE04EC0-301F-11D3-BF4B-00C04F79EFBC}") = "LambdaExpressions", "LambdaExpressions\LambdaExpressions.csproj", "{2C54E2FC-78F2-47B8-A685-7F3882CBE551}"
EndProject
Project("{FAE04EC0-301F-11D3-BF4B-00C04F79EFBC}") = "Events", "Events\Events.csproj", "{F086415D-4C61-46CC-A130-415EED520D3D}"
EndProject
Project("{FAE04EC0-301F-11D3-BF4B-00C04F79EFBC}") = "EventHandler", "EventHandler\EventHandler.csproj", "{086DEEB3-3A8C-4EC0-961E-A9551F9E8F4A}"
EndProject
Project("{FAE04EC0-301F-11D3-BF4B-00C04F79EFBC}") = "linq_Lambds", "linq_Lambds\linq_Lambds.csproj", "{73549FC3-8E7E-4A03-933A-B5CDF36DC0CC}"
EndProject
Project("{FAE04EC0-301F-11D3-BF4B-00C04F79EFBC}") = "BubbleSorterExercise", "BubbleSorterExercise\BubbleSorterExercise.csproj", "{9F53F9F0-92E1-4D4D-AA4D-8B3C81CC2F15}"
EndProject
Project("{FAE04EC0-301F-11D3-BF4B-00C04F79EFBC}") = "ExpressionTrees", "ExpressionTrees\ExpressionTrees.csproj", "{B767C0BE-06A6-405F-8760-93567931F503}"
EndProject
Project("{FAE04EC0-301F-11D3-BF4B-00C04F79EFBC}") = "Predicate", "Predicate\Predicate.csproj", "{DD025DFE-64C9-4351-AD8D-50A57DEDBC0F}"
EndProject
Project("{FAE04EC0-301F-11D3-BF4B-00C04F79EFBC}") = "Arrays", "Arrays\Arrays.csproj", "{FF1BE390-6753-4A58-9416-EC22075E7AE1}"
EndProject
Project("{FAE04EC0-301F-11D3-BF4B-00C04F79EFBC}") = "Create FileTxt", "FileTxt_Console\Create FileTxt.csproj", "{8FCC39C5-3FAA-4F0A-A232-15DB392ACD6E}"
EndProject
Project("{FAE04EC0-301F-11D3-BF4B-00C04F79EFBC}") = "HttpClient", "HttpClient\HttpClient.csproj", "{EBD6EC71-1D48-4396-938B-E33772DF4BBD}"
EndProject
Project("{FAE04EC0-301F-11D3-BF4B-00C04F79EFBC}") = "Casting", "Casting\Casting.csproj", "{20481E5D-B253-4D05-922F-439A0377D600}"
EndProject
Project("{FAE04EC0-301F-11D3-BF4B-00C04F79EFBC}") = "Linq", "Linq\Linq.csproj", "{6248F71A-09BA-4C0C-BD49-77FFA2BAE13A}"
EndProject
Project("{FAE04EC0-301F-11D3-BF4B-00C04F79EFBC}") = "Linq_Example", "Linq_Example\Linq_Example.csproj", "{C0C908B0-FE74-4498-B460-C3BDDB69C0B5}"
EndProject
Project("{FAE04EC0-301F-11D3-BF4B-00C04F79EFBC}") = "lambda", "lambda\lambda.csproj", "{9AF1D685-2909-443F-BA9A-91EF2BEDA994}"
EndProject
Project("{FAE04EC0-301F-11D3-BF4B-00C04F79EFBC}") = "MyContacts", "MyContacts\MyContacts.csproj", "{583306B4-30CC-4638-B8EC-B4AAA6D25FBE}"
EndProject
Project("{FAE04EC0-301F-11D3-BF4B-00C04F79EFBC}") = "CastBetweenClass", "CastBetweenClass\CastBetweenClass.csproj", "{E8589AEF-654C-45CD-8358-2DBB5FF404CF}"
EndProject
Project("{FAE04EC0-301F-11D3-BF4B-00C04F79EFBC}") = "Document", "Document\Document.csproj", "{58B70F99-9A86-40D6-BCBA-0A20E74E139F}"
EndProject
Project("{FAE04EC0-301F-11D3-BF4B-00C04F79EFBC}") = "OperatorsAndCasts", "OperatorsAndCasts\OperatorsAndCasts.csproj", "{16029B39-B568-4F7B-97DE-4C4E5196E068}"
EndProject
Project("{FAE04EC0-301F-11D3-BF4B-00C04F79EFBC}") = "SimpleCurrency", "SimpleCurrency\SimpleCurrency.csproj", "{CE972432-A9B1-4EB6-A41A-E6BDC9223828}"
EndProject
Project("{FAE04EC0-301F-11D3-BF4B-00C04F79EFBC}") = "LookUpWhatsNew", "Reflection\LookUpWhatsNew\LookUpWhatsNew.csproj", "{DE68079D-98AB-4670-81C0-10590D6286E5}"
EndProject
Project("{FAE04EC0-301F-11D3-BF4B-00C04F79EFBC}") = "TypeView", "Reflection\TypeView\TypeView\TypeView.csproj", "{BD4DB544-B7C3-49E7-83E8-2E3FBE2AB6DE}"
EndProject
Project("{FAE04EC0-301F-11D3-BF4B-00C04F79EFBC}") = "VectorClass", "Reflection\VectorClass\VectorClass.csproj", "{3D74215E-0A83-4055-92FC-3022717EF172}"
EndProject
Project("{FAE04EC0-301F-11D3-BF4B-00C04F79EFBC}") = "WhatsNewAttributes", "Reflection\WhatsNewAttributes\WhatsNewAttributes.csproj", "{2C98691F-D961-4C35-A1F6-051950B58E9F}"
EndProject
Project("{FAE04EC0-301F-11D3-BF4B-00C04F79EFBC}") = "DeCompile", "Dynamics\DeCompile\DeCompile.csproj", "{0F491DC5-AB1D-4633-8E49-70BD0B72B5EF}"
EndProject
Project("{FAE04EC0-301F-11D3-BF4B-00C04F79EFBC}") = "Dynamic", "Dynamics\Dynamic\Dynamic.csproj", "{C784DC61-A67E-494B-ACD1-BF31FA2F8B66}"
EndProject
Project("{FAE04EC0-301F-11D3-BF4B-00C04F79EFBC}") = "ErrorExample", "Dynamics\ErrorExample\ErrorExample.csproj", "{57DE4238-2F10-4D8D-BEDE-0156D23AB692}"
EndProject
Project("{FAE04EC0-301F-11D3-BF4B-00C04F79EFBC}") = "Nullable", "Nullable\Nullable.csproj", "{9883D00F-FC2F-485D-BE0B-045267F06767}"
EndProject
Project("{FAE04EC0-301F-11D3-BF4B-00C04F79EFBC}") = "RegularExpressions", "RegularExpressions\RegularExpressions.csproj", "{051480D8-6D42-47D2-B2D6-4802D6855258}"
EndProject
Project("{9A19103F-16F7-4668-BE54-9A1E7A4F7556}") = "BestPractice", "BestPractice\BestPractice.csproj", "{D91FD9E6-7461-4A56-B7BA-32BCE466880D}"
EndProject
Project("{2150E333-8FDC-42A3-9474-1A3956D46DE8}") = "18_Basic", "18_Basic", "{B028978C-6330-4BE5-98F8-78D57F9F525C}"
EndProject
Project("{FAE04EC0-301F-11D3-BF4B-00C04F79EFBC}") = "Class_Exampl", "Class_Exampl\Class_Exampl.csproj", "{96A97ACB-3ABC-4176-8736-90982ED3707C}"
EndProject
Project("{FAE04EC0-301F-11D3-BF4B-00C04F79EFBC}") = "Convert_Example", "Convert_Example\Convert_Example.csproj", "{A3527CC1-4012-4492-9B45-DFABC90EA9AE}"
EndProject
Project("{FAE04EC0-301F-11D3-BF4B-00C04F79EFBC}") = "PersianDate", "PersianDate\PersianDate.csproj", "{6A704FFD-A7E1-48AB-B1B5-286A5C538AFD}"
EndProject
Project("{FAE04EC0-301F-11D3-BF4B-00C04F79EFBC}") = "Property_Example", "Property_Example\Property_Example.csproj", "{75FEAE65-DACB-4CDC-BCFD-757C7C88C540}"
EndProject
Project("{FAE04EC0-301F-11D3-BF4B-00C04F79EFBC}") = "Switch_Example", "Switch_Example\Switch_Example.csproj", "{C47D1776-C4D1-4DEA-B0E8-8EAC5009C39F}"
EndProject
Project("{FAE04EC0-301F-11D3-BF4B-00C04F79EFBC}") = "MyCalculator_Example", "MyCalculator_Example\MyCalculator_Example.csproj", "{2A1353F9-0D51-4A6A-B95D-001DE080B6BC}"
EndProject
Project("{FAE04EC0-301F-11D3-BF4B-00C04F79EFBC}") = "Test_linq", "Test_linq\Test_linq.csproj", "{70FEDF40-1429-4946-B627-80E2A78A6D8B}"
EndProject
Project("{FAE04EC0-301F-11D3-BF4B-00C04F79EFBC}") = "chm", "chm\chm.csproj", "{9A3A4FE2-BCD1-4C4A-A1B0-2839F6F47A8A}"
EndProject
Global
	GlobalSection(SolutionConfigurationPlatforms) = preSolution
		Debug|Any CPU = Debug|Any CPU
		Debug|x86 = Debug|x86
		Release|Any CPU = Release|Any CPU
		Release|x86 = Release|x86
	EndGlobalSection
	GlobalSection(ProjectConfigurationPlatforms) = postSolution
		{B8C56809-600D-42A4-9AE6-C9F2D0F65F2B}.Debug|Any CPU.ActiveCfg = Debug|Any CPU
		{B8C56809-600D-42A4-9AE6-C9F2D0F65F2B}.Debug|Any CPU.Build.0 = Debug|Any CPU
		{B8C56809-600D-42A4-9AE6-C9F2D0F65F2B}.Debug|x86.ActiveCfg = Debug|Any CPU
		{B8C56809-600D-42A4-9AE6-C9F2D0F65F2B}.Debug|x86.Build.0 = Debug|Any CPU
		{B8C56809-600D-42A4-9AE6-C9F2D0F65F2B}.Release|Any CPU.ActiveCfg = Release|Any CPU
		{B8C56809-600D-42A4-9AE6-C9F2D0F65F2B}.Release|Any CPU.Build.0 = Release|Any CPU
		{B8C56809-600D-42A4-9AE6-C9F2D0F65F2B}.Release|x86.ActiveCfg = Release|Any CPU
		{B8C56809-600D-42A4-9AE6-C9F2D0F65F2B}.Release|x86.Build.0 = Release|Any CPU
		{B19D38D1-D78F-401D-BC29-ECC8199D52EE}.Debug|Any CPU.ActiveCfg = Debug|Any CPU
		{B19D38D1-D78F-401D-BC29-ECC8199D52EE}.Debug|Any CPU.Build.0 = Debug|Any CPU
		{B19D38D1-D78F-401D-BC29-ECC8199D52EE}.Debug|x86.ActiveCfg = Debug|Any CPU
		{B19D38D1-D78F-401D-BC29-ECC8199D52EE}.Debug|x86.Build.0 = Debug|Any CPU
		{B19D38D1-D78F-401D-BC29-ECC8199D52EE}.Release|Any CPU.ActiveCfg = Release|Any CPU
		{B19D38D1-D78F-401D-BC29-ECC8199D52EE}.Release|Any CPU.Build.0 = Release|Any CPU
		{B19D38D1-D78F-401D-BC29-ECC8199D52EE}.Release|x86.ActiveCfg = Release|Any CPU
		{B19D38D1-D78F-401D-BC29-ECC8199D52EE}.Release|x86.Build.0 = Release|Any CPU
		{035B7F13-D524-40C2-8260-19CBCF78D168}.Debug|Any CPU.ActiveCfg = Debug|Any CPU
		{035B7F13-D524-40C2-8260-19CBCF78D168}.Debug|Any CPU.Build.0 = Debug|Any CPU
		{035B7F13-D524-40C2-8260-19CBCF78D168}.Debug|x86.ActiveCfg = Debug|Any CPU
		{035B7F13-D524-40C2-8260-19CBCF78D168}.Debug|x86.Build.0 = Debug|Any CPU
		{035B7F13-D524-40C2-8260-19CBCF78D168}.Release|Any CPU.ActiveCfg = Release|Any CPU
		{035B7F13-D524-40C2-8260-19CBCF78D168}.Release|Any CPU.Build.0 = Release|Any CPU
		{035B7F13-D524-40C2-8260-19CBCF78D168}.Release|x86.ActiveCfg = Release|Any CPU
		{035B7F13-D524-40C2-8260-19CBCF78D168}.Release|x86.Build.0 = Release|Any CPU
		{E948D261-5380-47CB-A439-484885281B2E}.Debug|Any CPU.ActiveCfg = Debug|Any CPU
		{E948D261-5380-47CB-A439-484885281B2E}.Debug|Any CPU.Build.0 = Debug|Any CPU
		{E948D261-5380-47CB-A439-484885281B2E}.Debug|x86.ActiveCfg = Debug|Any CPU
		{E948D261-5380-47CB-A439-484885281B2E}.Debug|x86.Build.0 = Debug|Any CPU
		{E948D261-5380-47CB-A439-484885281B2E}.Release|Any CPU.ActiveCfg = Release|Any CPU
		{E948D261-5380-47CB-A439-484885281B2E}.Release|Any CPU.Build.0 = Release|Any CPU
		{E948D261-5380-47CB-A439-484885281B2E}.Release|x86.ActiveCfg = Release|Any CPU
		{E948D261-5380-47CB-A439-484885281B2E}.Release|x86.Build.0 = Release|Any CPU
		{47845F80-110D-4E65-A089-1EFB41C498F1}.Debug|Any CPU.ActiveCfg = Debug|Any CPU
		{47845F80-110D-4E65-A089-1EFB41C498F1}.Debug|Any CPU.Build.0 = Debug|Any CPU
		{47845F80-110D-4E65-A089-1EFB41C498F1}.Debug|x86.ActiveCfg = Debug|Any CPU
		{47845F80-110D-4E65-A089-1EFB41C498F1}.Debug|x86.Build.0 = Debug|Any CPU
		{47845F80-110D-4E65-A089-1EFB41C498F1}.Release|Any CPU.ActiveCfg = Release|Any CPU
		{47845F80-110D-4E65-A089-1EFB41C498F1}.Release|Any CPU.Build.0 = Release|Any CPU
		{47845F80-110D-4E65-A089-1EFB41C498F1}.Release|x86.ActiveCfg = Release|Any CPU
		{47845F80-110D-4E65-A089-1EFB41C498F1}.Release|x86.Build.0 = Release|Any CPU
		{4C7C0200-9B04-4957-877E-9DBC40B27E01}.Debug|Any CPU.ActiveCfg = Debug|Any CPU
		{4C7C0200-9B04-4957-877E-9DBC40B27E01}.Debug|Any CPU.Build.0 = Debug|Any CPU
		{4C7C0200-9B04-4957-877E-9DBC40B27E01}.Debug|x86.ActiveCfg = Debug|Any CPU
		{4C7C0200-9B04-4957-877E-9DBC40B27E01}.Debug|x86.Build.0 = Debug|Any CPU
		{4C7C0200-9B04-4957-877E-9DBC40B27E01}.Release|Any CPU.ActiveCfg = Release|Any CPU
		{4C7C0200-9B04-4957-877E-9DBC40B27E01}.Release|Any CPU.Build.0 = Release|Any CPU
		{4C7C0200-9B04-4957-877E-9DBC40B27E01}.Release|x86.ActiveCfg = Release|Any CPU
		{4C7C0200-9B04-4957-877E-9DBC40B27E01}.Release|x86.Build.0 = Release|Any CPU
		{1BD28FE9-2368-4538-AB41-8CDF617F5F2C}.Debug|Any CPU.ActiveCfg = Debug|Any CPU
		{1BD28FE9-2368-4538-AB41-8CDF617F5F2C}.Debug|Any CPU.Build.0 = Debug|Any CPU
		{1BD28FE9-2368-4538-AB41-8CDF617F5F2C}.Debug|x86.ActiveCfg = Debug|Any CPU
		{1BD28FE9-2368-4538-AB41-8CDF617F5F2C}.Debug|x86.Build.0 = Debug|Any CPU
		{1BD28FE9-2368-4538-AB41-8CDF617F5F2C}.Release|Any CPU.ActiveCfg = Release|Any CPU
		{1BD28FE9-2368-4538-AB41-8CDF617F5F2C}.Release|Any CPU.Build.0 = Release|Any CPU
		{1BD28FE9-2368-4538-AB41-8CDF617F5F2C}.Release|x86.ActiveCfg = Release|Any CPU
		{1BD28FE9-2368-4538-AB41-8CDF617F5F2C}.Release|x86.Build.0 = Release|Any CPU
		{4D6DA908-CED3-4869-BFA8-27E8CD4961DA}.Debug|Any CPU.ActiveCfg = Debug|Any CPU
		{4D6DA908-CED3-4869-BFA8-27E8CD4961DA}.Debug|Any CPU.Build.0 = Debug|Any CPU
		{4D6DA908-CED3-4869-BFA8-27E8CD4961DA}.Debug|x86.ActiveCfg = Debug|Any CPU
		{4D6DA908-CED3-4869-BFA8-27E8CD4961DA}.Debug|x86.Build.0 = Debug|Any CPU
		{4D6DA908-CED3-4869-BFA8-27E8CD4961DA}.Release|Any CPU.ActiveCfg = Release|Any CPU
		{4D6DA908-CED3-4869-BFA8-27E8CD4961DA}.Release|Any CPU.Build.0 = Release|Any CPU
		{4D6DA908-CED3-4869-BFA8-27E8CD4961DA}.Release|x86.ActiveCfg = Release|Any CPU
		{4D6DA908-CED3-4869-BFA8-27E8CD4961DA}.Release|x86.Build.0 = Release|Any CPU
		{22A049D9-F697-4C65-9F6F-8BB53C4DDD3A}.Debug|Any CPU.ActiveCfg = Debug|Any CPU
		{22A049D9-F697-4C65-9F6F-8BB53C4DDD3A}.Debug|Any CPU.Build.0 = Debug|Any CPU
		{22A049D9-F697-4C65-9F6F-8BB53C4DDD3A}.Debug|x86.ActiveCfg = Debug|Any CPU
		{22A049D9-F697-4C65-9F6F-8BB53C4DDD3A}.Debug|x86.Build.0 = Debug|Any CPU
		{22A049D9-F697-4C65-9F6F-8BB53C4DDD3A}.Release|Any CPU.ActiveCfg = Release|Any CPU
		{22A049D9-F697-4C65-9F6F-8BB53C4DDD3A}.Release|Any CPU.Build.0 = Release|Any CPU
		{22A049D9-F697-4C65-9F6F-8BB53C4DDD3A}.Release|x86.ActiveCfg = Release|Any CPU
		{22A049D9-F697-4C65-9F6F-8BB53C4DDD3A}.Release|x86.Build.0 = Release|Any CPU
		{D4CEFAC0-825C-48A5-B7DA-65FA4B197F29}.Debug|Any CPU.ActiveCfg = Debug|Any CPU
		{D4CEFAC0-825C-48A5-B7DA-65FA4B197F29}.Debug|Any CPU.Build.0 = Debug|Any CPU
		{D4CEFAC0-825C-48A5-B7DA-65FA4B197F29}.Debug|x86.ActiveCfg = Debug|Any CPU
		{D4CEFAC0-825C-48A5-B7DA-65FA4B197F29}.Debug|x86.Build.0 = Debug|Any CPU
		{D4CEFAC0-825C-48A5-B7DA-65FA4B197F29}.Release|Any CPU.ActiveCfg = Release|Any CPU
		{D4CEFAC0-825C-48A5-B7DA-65FA4B197F29}.Release|Any CPU.Build.0 = Release|Any CPU
		{D4CEFAC0-825C-48A5-B7DA-65FA4B197F29}.Release|x86.ActiveCfg = Release|Any CPU
		{D4CEFAC0-825C-48A5-B7DA-65FA4B197F29}.Release|x86.Build.0 = Release|Any CPU
		{AE379D31-70D0-4383-AE5F-EE0412F0EEBC}.Debug|Any CPU.ActiveCfg = Debug|Any CPU
		{AE379D31-70D0-4383-AE5F-EE0412F0EEBC}.Debug|Any CPU.Build.0 = Debug|Any CPU
		{AE379D31-70D0-4383-AE5F-EE0412F0EEBC}.Debug|x86.ActiveCfg = Debug|Any CPU
		{AE379D31-70D0-4383-AE5F-EE0412F0EEBC}.Debug|x86.Build.0 = Debug|Any CPU
		{AE379D31-70D0-4383-AE5F-EE0412F0EEBC}.Release|Any CPU.ActiveCfg = Release|Any CPU
		{AE379D31-70D0-4383-AE5F-EE0412F0EEBC}.Release|Any CPU.Build.0 = Release|Any CPU
		{AE379D31-70D0-4383-AE5F-EE0412F0EEBC}.Release|x86.ActiveCfg = Release|Any CPU
		{AE379D31-70D0-4383-AE5F-EE0412F0EEBC}.Release|x86.Build.0 = Release|Any CPU
		{79BA599E-5479-4DB0-B14A-9FD3F93B220F}.Debug|Any CPU.ActiveCfg = Debug|Any CPU
		{79BA599E-5479-4DB0-B14A-9FD3F93B220F}.Debug|Any CPU.Build.0 = Debug|Any CPU
		{79BA599E-5479-4DB0-B14A-9FD3F93B220F}.Debug|x86.ActiveCfg = Debug|Any CPU
		{79BA599E-5479-4DB0-B14A-9FD3F93B220F}.Debug|x86.Build.0 = Debug|Any CPU
		{79BA599E-5479-4DB0-B14A-9FD3F93B220F}.Release|Any CPU.ActiveCfg = Release|Any CPU
		{79BA599E-5479-4DB0-B14A-9FD3F93B220F}.Release|Any CPU.Build.0 = Release|Any CPU
		{79BA599E-5479-4DB0-B14A-9FD3F93B220F}.Release|x86.ActiveCfg = Release|Any CPU
		{79BA599E-5479-4DB0-B14A-9FD3F93B220F}.Release|x86.Build.0 = Release|Any CPU
		{54A7CA6D-5768-4089-BA52-4B06459C280C}.Debug|Any CPU.ActiveCfg = Debug|Any CPU
		{54A7CA6D-5768-4089-BA52-4B06459C280C}.Debug|Any CPU.Build.0 = Debug|Any CPU
		{54A7CA6D-5768-4089-BA52-4B06459C280C}.Debug|x86.ActiveCfg = Debug|Any CPU
		{54A7CA6D-5768-4089-BA52-4B06459C280C}.Debug|x86.Build.0 = Debug|Any CPU
		{54A7CA6D-5768-4089-BA52-4B06459C280C}.Release|Any CPU.ActiveCfg = Release|Any CPU
		{54A7CA6D-5768-4089-BA52-4B06459C280C}.Release|Any CPU.Build.0 = Release|Any CPU
		{54A7CA6D-5768-4089-BA52-4B06459C280C}.Release|x86.ActiveCfg = Release|Any CPU
		{54A7CA6D-5768-4089-BA52-4B06459C280C}.Release|x86.Build.0 = Release|Any CPU
		{A35F5632-06DB-43CE-907B-01C209B85C15}.Debug|Any CPU.ActiveCfg = Debug|Any CPU
		{A35F5632-06DB-43CE-907B-01C209B85C15}.Debug|Any CPU.Build.0 = Debug|Any CPU
		{A35F5632-06DB-43CE-907B-01C209B85C15}.Debug|x86.ActiveCfg = Debug|Any CPU
		{A35F5632-06DB-43CE-907B-01C209B85C15}.Debug|x86.Build.0 = Debug|Any CPU
		{A35F5632-06DB-43CE-907B-01C209B85C15}.Release|Any CPU.ActiveCfg = Release|Any CPU
		{A35F5632-06DB-43CE-907B-01C209B85C15}.Release|Any CPU.Build.0 = Release|Any CPU
		{A35F5632-06DB-43CE-907B-01C209B85C15}.Release|x86.ActiveCfg = Release|Any CPU
		{A35F5632-06DB-43CE-907B-01C209B85C15}.Release|x86.Build.0 = Release|Any CPU
		{AC748865-0FA1-4ACB-86C5-99FC8A41FCEF}.Debug|Any CPU.ActiveCfg = Debug|Any CPU
		{AC748865-0FA1-4ACB-86C5-99FC8A41FCEF}.Debug|Any CPU.Build.0 = Debug|Any CPU
		{AC748865-0FA1-4ACB-86C5-99FC8A41FCEF}.Debug|x86.ActiveCfg = Debug|Any CPU
		{AC748865-0FA1-4ACB-86C5-99FC8A41FCEF}.Debug|x86.Build.0 = Debug|Any CPU
		{AC748865-0FA1-4ACB-86C5-99FC8A41FCEF}.Release|Any CPU.ActiveCfg = Release|Any CPU
		{AC748865-0FA1-4ACB-86C5-99FC8A41FCEF}.Release|Any CPU.Build.0 = Release|Any CPU
		{AC748865-0FA1-4ACB-86C5-99FC8A41FCEF}.Release|x86.ActiveCfg = Release|Any CPU
		{AC748865-0FA1-4ACB-86C5-99FC8A41FCEF}.Release|x86.Build.0 = Release|Any CPU
		{66D44372-5CED-496C-9C93-D52EB4BE3349}.Debug|Any CPU.ActiveCfg = Debug|Any CPU
		{66D44372-5CED-496C-9C93-D52EB4BE3349}.Debug|Any CPU.Build.0 = Debug|Any CPU
		{66D44372-5CED-496C-9C93-D52EB4BE3349}.Debug|x86.ActiveCfg = Debug|Any CPU
		{66D44372-5CED-496C-9C93-D52EB4BE3349}.Debug|x86.Build.0 = Debug|Any CPU
		{66D44372-5CED-496C-9C93-D52EB4BE3349}.Release|Any CPU.ActiveCfg = Release|Any CPU
		{66D44372-5CED-496C-9C93-D52EB4BE3349}.Release|Any CPU.Build.0 = Release|Any CPU
		{66D44372-5CED-496C-9C93-D52EB4BE3349}.Release|x86.ActiveCfg = Release|Any CPU
		{66D44372-5CED-496C-9C93-D52EB4BE3349}.Release|x86.Build.0 = Release|Any CPU
		{089985E8-645B-445E-A0E6-A99982BD6062}.Debug|Any CPU.ActiveCfg = Debug|Any CPU
		{089985E8-645B-445E-A0E6-A99982BD6062}.Debug|Any CPU.Build.0 = Debug|Any CPU
		{089985E8-645B-445E-A0E6-A99982BD6062}.Debug|x86.ActiveCfg = Debug|Any CPU
		{089985E8-645B-445E-A0E6-A99982BD6062}.Debug|x86.Build.0 = Debug|Any CPU
		{089985E8-645B-445E-A0E6-A99982BD6062}.Release|Any CPU.ActiveCfg = Release|Any CPU
		{089985E8-645B-445E-A0E6-A99982BD6062}.Release|Any CPU.Build.0 = Release|Any CPU
		{089985E8-645B-445E-A0E6-A99982BD6062}.Release|x86.ActiveCfg = Release|Any CPU
		{089985E8-645B-445E-A0E6-A99982BD6062}.Release|x86.Build.0 = Release|Any CPU
		{2C54E2FC-78F2-47B8-A685-7F3882CBE551}.Debug|Any CPU.ActiveCfg = Debug|Any CPU
		{2C54E2FC-78F2-47B8-A685-7F3882CBE551}.Debug|Any CPU.Build.0 = Debug|Any CPU
		{2C54E2FC-78F2-47B8-A685-7F3882CBE551}.Debug|x86.ActiveCfg = Debug|Any CPU
		{2C54E2FC-78F2-47B8-A685-7F3882CBE551}.Debug|x86.Build.0 = Debug|Any CPU
		{2C54E2FC-78F2-47B8-A685-7F3882CBE551}.Release|Any CPU.ActiveCfg = Release|Any CPU
		{2C54E2FC-78F2-47B8-A685-7F3882CBE551}.Release|Any CPU.Build.0 = Release|Any CPU
		{2C54E2FC-78F2-47B8-A685-7F3882CBE551}.Release|x86.ActiveCfg = Release|Any CPU
		{2C54E2FC-78F2-47B8-A685-7F3882CBE551}.Release|x86.Build.0 = Release|Any CPU
		{F086415D-4C61-46CC-A130-415EED520D3D}.Debug|Any CPU.ActiveCfg = Debug|Any CPU
		{F086415D-4C61-46CC-A130-415EED520D3D}.Debug|Any CPU.Build.0 = Debug|Any CPU
		{F086415D-4C61-46CC-A130-415EED520D3D}.Debug|x86.ActiveCfg = Debug|Any CPU
		{F086415D-4C61-46CC-A130-415EED520D3D}.Debug|x86.Build.0 = Debug|Any CPU
		{F086415D-4C61-46CC-A130-415EED520D3D}.Release|Any CPU.ActiveCfg = Release|Any CPU
		{F086415D-4C61-46CC-A130-415EED520D3D}.Release|Any CPU.Build.0 = Release|Any CPU
		{F086415D-4C61-46CC-A130-415EED520D3D}.Release|x86.ActiveCfg = Release|Any CPU
		{F086415D-4C61-46CC-A130-415EED520D3D}.Release|x86.Build.0 = Release|Any CPU
		{086DEEB3-3A8C-4EC0-961E-A9551F9E8F4A}.Debug|Any CPU.ActiveCfg = Debug|Any CPU
		{086DEEB3-3A8C-4EC0-961E-A9551F9E8F4A}.Debug|Any CPU.Build.0 = Debug|Any CPU
		{086DEEB3-3A8C-4EC0-961E-A9551F9E8F4A}.Debug|x86.ActiveCfg = Debug|Any CPU
		{086DEEB3-3A8C-4EC0-961E-A9551F9E8F4A}.Debug|x86.Build.0 = Debug|Any CPU
		{086DEEB3-3A8C-4EC0-961E-A9551F9E8F4A}.Release|Any CPU.ActiveCfg = Release|Any CPU
		{086DEEB3-3A8C-4EC0-961E-A9551F9E8F4A}.Release|Any CPU.Build.0 = Release|Any CPU
		{086DEEB3-3A8C-4EC0-961E-A9551F9E8F4A}.Release|x86.ActiveCfg = Release|Any CPU
		{086DEEB3-3A8C-4EC0-961E-A9551F9E8F4A}.Release|x86.Build.0 = Release|Any CPU
		{73549FC3-8E7E-4A03-933A-B5CDF36DC0CC}.Debug|Any CPU.ActiveCfg = Debug|Any CPU
		{73549FC3-8E7E-4A03-933A-B5CDF36DC0CC}.Debug|Any CPU.Build.0 = Debug|Any CPU
		{73549FC3-8E7E-4A03-933A-B5CDF36DC0CC}.Debug|x86.ActiveCfg = Debug|Any CPU
		{73549FC3-8E7E-4A03-933A-B5CDF36DC0CC}.Debug|x86.Build.0 = Debug|Any CPU
		{73549FC3-8E7E-4A03-933A-B5CDF36DC0CC}.Release|Any CPU.ActiveCfg = Release|Any CPU
		{73549FC3-8E7E-4A03-933A-B5CDF36DC0CC}.Release|Any CPU.Build.0 = Release|Any CPU
		{73549FC3-8E7E-4A03-933A-B5CDF36DC0CC}.Release|x86.ActiveCfg = Release|Any CPU
		{73549FC3-8E7E-4A03-933A-B5CDF36DC0CC}.Release|x86.Build.0 = Release|Any CPU
		{9F53F9F0-92E1-4D4D-AA4D-8B3C81CC2F15}.Debug|Any CPU.ActiveCfg = Debug|Any CPU
		{9F53F9F0-92E1-4D4D-AA4D-8B3C81CC2F15}.Debug|Any CPU.Build.0 = Debug|Any CPU
		{9F53F9F0-92E1-4D4D-AA4D-8B3C81CC2F15}.Debug|x86.ActiveCfg = Debug|Any CPU
		{9F53F9F0-92E1-4D4D-AA4D-8B3C81CC2F15}.Debug|x86.Build.0 = Debug|Any CPU
		{9F53F9F0-92E1-4D4D-AA4D-8B3C81CC2F15}.Release|Any CPU.ActiveCfg = Release|Any CPU
		{9F53F9F0-92E1-4D4D-AA4D-8B3C81CC2F15}.Release|Any CPU.Build.0 = Release|Any CPU
		{9F53F9F0-92E1-4D4D-AA4D-8B3C81CC2F15}.Release|x86.ActiveCfg = Release|Any CPU
		{9F53F9F0-92E1-4D4D-AA4D-8B3C81CC2F15}.Release|x86.Build.0 = Release|Any CPU
		{B767C0BE-06A6-405F-8760-93567931F503}.Debug|Any CPU.ActiveCfg = Debug|Any CPU
		{B767C0BE-06A6-405F-8760-93567931F503}.Debug|Any CPU.Build.0 = Debug|Any CPU
		{B767C0BE-06A6-405F-8760-93567931F503}.Debug|x86.ActiveCfg = Debug|Any CPU
		{B767C0BE-06A6-405F-8760-93567931F503}.Debug|x86.Build.0 = Debug|Any CPU
		{B767C0BE-06A6-405F-8760-93567931F503}.Release|Any CPU.ActiveCfg = Release|Any CPU
		{B767C0BE-06A6-405F-8760-93567931F503}.Release|Any CPU.Build.0 = Release|Any CPU
		{B767C0BE-06A6-405F-8760-93567931F503}.Release|x86.ActiveCfg = Release|Any CPU
		{B767C0BE-06A6-405F-8760-93567931F503}.Release|x86.Build.0 = Release|Any CPU
		{DD025DFE-64C9-4351-AD8D-50A57DEDBC0F}.Debug|Any CPU.ActiveCfg = Debug|Any CPU
		{DD025DFE-64C9-4351-AD8D-50A57DEDBC0F}.Debug|Any CPU.Build.0 = Debug|Any CPU
		{DD025DFE-64C9-4351-AD8D-50A57DEDBC0F}.Debug|x86.ActiveCfg = Debug|Any CPU
		{DD025DFE-64C9-4351-AD8D-50A57DEDBC0F}.Debug|x86.Build.0 = Debug|Any CPU
		{DD025DFE-64C9-4351-AD8D-50A57DEDBC0F}.Release|Any CPU.ActiveCfg = Release|Any CPU
		{DD025DFE-64C9-4351-AD8D-50A57DEDBC0F}.Release|Any CPU.Build.0 = Release|Any CPU
		{DD025DFE-64C9-4351-AD8D-50A57DEDBC0F}.Release|x86.ActiveCfg = Release|Any CPU
		{DD025DFE-64C9-4351-AD8D-50A57DEDBC0F}.Release|x86.Build.0 = Release|Any CPU
		{FF1BE390-6753-4A58-9416-EC22075E7AE1}.Debug|Any CPU.ActiveCfg = Debug|Any CPU
		{FF1BE390-6753-4A58-9416-EC22075E7AE1}.Debug|Any CPU.Build.0 = Debug|Any CPU
		{FF1BE390-6753-4A58-9416-EC22075E7AE1}.Debug|x86.ActiveCfg = Debug|Any CPU
		{FF1BE390-6753-4A58-9416-EC22075E7AE1}.Debug|x86.Build.0 = Debug|Any CPU
		{FF1BE390-6753-4A58-9416-EC22075E7AE1}.Release|Any CPU.ActiveCfg = Release|Any CPU
		{FF1BE390-6753-4A58-9416-EC22075E7AE1}.Release|Any CPU.Build.0 = Release|Any CPU
		{FF1BE390-6753-4A58-9416-EC22075E7AE1}.Release|x86.ActiveCfg = Release|Any CPU
		{FF1BE390-6753-4A58-9416-EC22075E7AE1}.Release|x86.Build.0 = Release|Any CPU
		{8FCC39C5-3FAA-4F0A-A232-15DB392ACD6E}.Debug|Any CPU.ActiveCfg = Debug|Any CPU
		{8FCC39C5-3FAA-4F0A-A232-15DB392ACD6E}.Debug|Any CPU.Build.0 = Debug|Any CPU
		{8FCC39C5-3FAA-4F0A-A232-15DB392ACD6E}.Debug|x86.ActiveCfg = Debug|Any CPU
		{8FCC39C5-3FAA-4F0A-A232-15DB392ACD6E}.Debug|x86.Build.0 = Debug|Any CPU
		{8FCC39C5-3FAA-4F0A-A232-15DB392ACD6E}.Release|Any CPU.ActiveCfg = Release|Any CPU
		{8FCC39C5-3FAA-4F0A-A232-15DB392ACD6E}.Release|Any CPU.Build.0 = Release|Any CPU
		{8FCC39C5-3FAA-4F0A-A232-15DB392ACD6E}.Release|x86.ActiveCfg = Release|Any CPU
		{8FCC39C5-3FAA-4F0A-A232-15DB392ACD6E}.Release|x86.Build.0 = Release|Any CPU
		{EBD6EC71-1D48-4396-938B-E33772DF4BBD}.Debug|Any CPU.ActiveCfg = Debug|Any CPU
		{EBD6EC71-1D48-4396-938B-E33772DF4BBD}.Debug|Any CPU.Build.0 = Debug|Any CPU
		{EBD6EC71-1D48-4396-938B-E33772DF4BBD}.Debug|x86.ActiveCfg = Debug|Any CPU
		{EBD6EC71-1D48-4396-938B-E33772DF4BBD}.Debug|x86.Build.0 = Debug|Any CPU
		{EBD6EC71-1D48-4396-938B-E33772DF4BBD}.Release|Any CPU.ActiveCfg = Release|Any CPU
		{EBD6EC71-1D48-4396-938B-E33772DF4BBD}.Release|Any CPU.Build.0 = Release|Any CPU
		{EBD6EC71-1D48-4396-938B-E33772DF4BBD}.Release|x86.ActiveCfg = Release|Any CPU
		{EBD6EC71-1D48-4396-938B-E33772DF4BBD}.Release|x86.Build.0 = Release|Any CPU
		{20481E5D-B253-4D05-922F-439A0377D600}.Debug|Any CPU.ActiveCfg = Debug|Any CPU
		{20481E5D-B253-4D05-922F-439A0377D600}.Debug|Any CPU.Build.0 = Debug|Any CPU
		{20481E5D-B253-4D05-922F-439A0377D600}.Debug|x86.ActiveCfg = Debug|Any CPU
		{20481E5D-B253-4D05-922F-439A0377D600}.Debug|x86.Build.0 = Debug|Any CPU
		{20481E5D-B253-4D05-922F-439A0377D600}.Release|Any CPU.ActiveCfg = Release|Any CPU
		{20481E5D-B253-4D05-922F-439A0377D600}.Release|Any CPU.Build.0 = Release|Any CPU
		{20481E5D-B253-4D05-922F-439A0377D600}.Release|x86.ActiveCfg = Release|Any CPU
		{20481E5D-B253-4D05-922F-439A0377D600}.Release|x86.Build.0 = Release|Any CPU
		{6248F71A-09BA-4C0C-BD49-77FFA2BAE13A}.Debug|Any CPU.ActiveCfg = Debug|Any CPU
		{6248F71A-09BA-4C0C-BD49-77FFA2BAE13A}.Debug|Any CPU.Build.0 = Debug|Any CPU
		{6248F71A-09BA-4C0C-BD49-77FFA2BAE13A}.Debug|x86.ActiveCfg = Debug|Any CPU
		{6248F71A-09BA-4C0C-BD49-77FFA2BAE13A}.Debug|x86.Build.0 = Debug|Any CPU
		{6248F71A-09BA-4C0C-BD49-77FFA2BAE13A}.Release|Any CPU.ActiveCfg = Release|Any CPU
		{6248F71A-09BA-4C0C-BD49-77FFA2BAE13A}.Release|Any CPU.Build.0 = Release|Any CPU
		{6248F71A-09BA-4C0C-BD49-77FFA2BAE13A}.Release|x86.ActiveCfg = Release|Any CPU
		{6248F71A-09BA-4C0C-BD49-77FFA2BAE13A}.Release|x86.Build.0 = Release|Any CPU
		{C0C908B0-FE74-4498-B460-C3BDDB69C0B5}.Debug|Any CPU.ActiveCfg = Debug|Any CPU
		{C0C908B0-FE74-4498-B460-C3BDDB69C0B5}.Debug|Any CPU.Build.0 = Debug|Any CPU
		{C0C908B0-FE74-4498-B460-C3BDDB69C0B5}.Debug|x86.ActiveCfg = Debug|Any CPU
		{C0C908B0-FE74-4498-B460-C3BDDB69C0B5}.Debug|x86.Build.0 = Debug|Any CPU
		{C0C908B0-FE74-4498-B460-C3BDDB69C0B5}.Release|Any CPU.ActiveCfg = Release|Any CPU
		{C0C908B0-FE74-4498-B460-C3BDDB69C0B5}.Release|Any CPU.Build.0 = Release|Any CPU
		{C0C908B0-FE74-4498-B460-C3BDDB69C0B5}.Release|x86.ActiveCfg = Release|Any CPU
		{C0C908B0-FE74-4498-B460-C3BDDB69C0B5}.Release|x86.Build.0 = Release|Any CPU
		{9AF1D685-2909-443F-BA9A-91EF2BEDA994}.Debug|Any CPU.ActiveCfg = Debug|Any CPU
		{9AF1D685-2909-443F-BA9A-91EF2BEDA994}.Debug|Any CPU.Build.0 = Debug|Any CPU
		{9AF1D685-2909-443F-BA9A-91EF2BEDA994}.Debug|x86.ActiveCfg = Debug|Any CPU
		{9AF1D685-2909-443F-BA9A-91EF2BEDA994}.Debug|x86.Build.0 = Debug|Any CPU
		{9AF1D685-2909-443F-BA9A-91EF2BEDA994}.Release|Any CPU.ActiveCfg = Release|Any CPU
		{9AF1D685-2909-443F-BA9A-91EF2BEDA994}.Release|Any CPU.Build.0 = Release|Any CPU
		{9AF1D685-2909-443F-BA9A-91EF2BEDA994}.Release|x86.ActiveCfg = Release|Any CPU
		{9AF1D685-2909-443F-BA9A-91EF2BEDA994}.Release|x86.Build.0 = Release|Any CPU
		{583306B4-30CC-4638-B8EC-B4AAA6D25FBE}.Debug|Any CPU.ActiveCfg = Debug|Any CPU
		{583306B4-30CC-4638-B8EC-B4AAA6D25FBE}.Debug|Any CPU.Build.0 = Debug|Any CPU
		{583306B4-30CC-4638-B8EC-B4AAA6D25FBE}.Debug|x86.ActiveCfg = Debug|Any CPU
		{583306B4-30CC-4638-B8EC-B4AAA6D25FBE}.Debug|x86.Build.0 = Debug|Any CPU
		{583306B4-30CC-4638-B8EC-B4AAA6D25FBE}.Release|Any CPU.ActiveCfg = Release|Any CPU
		{583306B4-30CC-4638-B8EC-B4AAA6D25FBE}.Release|Any CPU.Build.0 = Release|Any CPU
		{583306B4-30CC-4638-B8EC-B4AAA6D25FBE}.Release|x86.ActiveCfg = Release|Any CPU
		{583306B4-30CC-4638-B8EC-B4AAA6D25FBE}.Release|x86.Build.0 = Release|Any CPU
		{E8589AEF-654C-45CD-8358-2DBB5FF404CF}.Debug|Any CPU.ActiveCfg = Debug|Any CPU
		{E8589AEF-654C-45CD-8358-2DBB5FF404CF}.Debug|Any CPU.Build.0 = Debug|Any CPU
		{E8589AEF-654C-45CD-8358-2DBB5FF404CF}.Debug|x86.ActiveCfg = Debug|Any CPU
		{E8589AEF-654C-45CD-8358-2DBB5FF404CF}.Debug|x86.Build.0 = Debug|Any CPU
		{E8589AEF-654C-45CD-8358-2DBB5FF404CF}.Release|Any CPU.ActiveCfg = Release|Any CPU
		{E8589AEF-654C-45CD-8358-2DBB5FF404CF}.Release|Any CPU.Build.0 = Release|Any CPU
		{E8589AEF-654C-45CD-8358-2DBB5FF404CF}.Release|x86.ActiveCfg = Release|Any CPU
		{E8589AEF-654C-45CD-8358-2DBB5FF404CF}.Release|x86.Build.0 = Release|Any CPU
		{58B70F99-9A86-40D6-BCBA-0A20E74E139F}.Debug|Any CPU.ActiveCfg = Debug|Any CPU
		{58B70F99-9A86-40D6-BCBA-0A20E74E139F}.Debug|Any CPU.Build.0 = Debug|Any CPU
		{58B70F99-9A86-40D6-BCBA-0A20E74E139F}.Debug|x86.ActiveCfg = Debug|Any CPU
		{58B70F99-9A86-40D6-BCBA-0A20E74E139F}.Debug|x86.Build.0 = Debug|Any CPU
		{58B70F99-9A86-40D6-BCBA-0A20E74E139F}.Release|Any CPU.ActiveCfg = Release|Any CPU
		{58B70F99-9A86-40D6-BCBA-0A20E74E139F}.Release|Any CPU.Build.0 = Release|Any CPU
		{58B70F99-9A86-40D6-BCBA-0A20E74E139F}.Release|x86.ActiveCfg = Release|Any CPU
		{58B70F99-9A86-40D6-BCBA-0A20E74E139F}.Release|x86.Build.0 = Release|Any CPU
		{16029B39-B568-4F7B-97DE-4C4E5196E068}.Debug|Any CPU.ActiveCfg = Debug|Any CPU
		{16029B39-B568-4F7B-97DE-4C4E5196E068}.Debug|Any CPU.Build.0 = Debug|Any CPU
		{16029B39-B568-4F7B-97DE-4C4E5196E068}.Debug|x86.ActiveCfg = Debug|Any CPU
		{16029B39-B568-4F7B-97DE-4C4E5196E068}.Debug|x86.Build.0 = Debug|Any CPU
		{16029B39-B568-4F7B-97DE-4C4E5196E068}.Release|Any CPU.ActiveCfg = Release|Any CPU
		{16029B39-B568-4F7B-97DE-4C4E5196E068}.Release|Any CPU.Build.0 = Release|Any CPU
		{16029B39-B568-4F7B-97DE-4C4E5196E068}.Release|x86.ActiveCfg = Release|Any CPU
		{16029B39-B568-4F7B-97DE-4C4E5196E068}.Release|x86.Build.0 = Release|Any CPU
		{CE972432-A9B1-4EB6-A41A-E6BDC9223828}.Debug|Any CPU.ActiveCfg = Debug|Any CPU
		{CE972432-A9B1-4EB6-A41A-E6BDC9223828}.Debug|Any CPU.Build.0 = Debug|Any CPU
		{CE972432-A9B1-4EB6-A41A-E6BDC9223828}.Debug|x86.ActiveCfg = Debug|Any CPU
		{CE972432-A9B1-4EB6-A41A-E6BDC9223828}.Debug|x86.Build.0 = Debug|Any CPU
		{CE972432-A9B1-4EB6-A41A-E6BDC9223828}.Release|Any CPU.ActiveCfg = Release|Any CPU
		{CE972432-A9B1-4EB6-A41A-E6BDC9223828}.Release|Any CPU.Build.0 = Release|Any CPU
		{CE972432-A9B1-4EB6-A41A-E6BDC9223828}.Release|x86.ActiveCfg = Release|Any CPU
		{CE972432-A9B1-4EB6-A41A-E6BDC9223828}.Release|x86.Build.0 = Release|Any CPU
		{DE68079D-98AB-4670-81C0-10590D6286E5}.Debug|Any CPU.ActiveCfg = Debug|Any CPU
		{DE68079D-98AB-4670-81C0-10590D6286E5}.Debug|Any CPU.Build.0 = Debug|Any CPU
		{DE68079D-98AB-4670-81C0-10590D6286E5}.Debug|x86.ActiveCfg = Debug|Any CPU
		{DE68079D-98AB-4670-81C0-10590D6286E5}.Debug|x86.Build.0 = Debug|Any CPU
		{DE68079D-98AB-4670-81C0-10590D6286E5}.Release|Any CPU.ActiveCfg = Release|Any CPU
		{DE68079D-98AB-4670-81C0-10590D6286E5}.Release|Any CPU.Build.0 = Release|Any CPU
		{DE68079D-98AB-4670-81C0-10590D6286E5}.Release|x86.ActiveCfg = Release|Any CPU
		{DE68079D-98AB-4670-81C0-10590D6286E5}.Release|x86.Build.0 = Release|Any CPU
		{BD4DB544-B7C3-49E7-83E8-2E3FBE2AB6DE}.Debug|Any CPU.ActiveCfg = Debug|Any CPU
		{BD4DB544-B7C3-49E7-83E8-2E3FBE2AB6DE}.Debug|Any CPU.Build.0 = Debug|Any CPU
		{BD4DB544-B7C3-49E7-83E8-2E3FBE2AB6DE}.Debug|x86.ActiveCfg = Debug|Any CPU
		{BD4DB544-B7C3-49E7-83E8-2E3FBE2AB6DE}.Debug|x86.Build.0 = Debug|Any CPU
		{BD4DB544-B7C3-49E7-83E8-2E3FBE2AB6DE}.Release|Any CPU.ActiveCfg = Release|Any CPU
		{BD4DB544-B7C3-49E7-83E8-2E3FBE2AB6DE}.Release|Any CPU.Build.0 = Release|Any CPU
		{BD4DB544-B7C3-49E7-83E8-2E3FBE2AB6DE}.Release|x86.ActiveCfg = Release|Any CPU
		{BD4DB544-B7C3-49E7-83E8-2E3FBE2AB6DE}.Release|x86.Build.0 = Release|Any CPU
		{3D74215E-0A83-4055-92FC-3022717EF172}.Debug|Any CPU.ActiveCfg = Debug|Any CPU
		{3D74215E-0A83-4055-92FC-3022717EF172}.Debug|Any CPU.Build.0 = Debug|Any CPU
		{3D74215E-0A83-4055-92FC-3022717EF172}.Debug|x86.ActiveCfg = Debug|Any CPU
		{3D74215E-0A83-4055-92FC-3022717EF172}.Debug|x86.Build.0 = Debug|Any CPU
		{3D74215E-0A83-4055-92FC-3022717EF172}.Release|Any CPU.ActiveCfg = Release|Any CPU
		{3D74215E-0A83-4055-92FC-3022717EF172}.Release|Any CPU.Build.0 = Release|Any CPU
		{3D74215E-0A83-4055-92FC-3022717EF172}.Release|x86.ActiveCfg = Release|Any CPU
		{3D74215E-0A83-4055-92FC-3022717EF172}.Release|x86.Build.0 = Release|Any CPU
		{2C98691F-D961-4C35-A1F6-051950B58E9F}.Debug|Any CPU.ActiveCfg = Debug|Any CPU
		{2C98691F-D961-4C35-A1F6-051950B58E9F}.Debug|Any CPU.Build.0 = Debug|Any CPU
		{2C98691F-D961-4C35-A1F6-051950B58E9F}.Debug|x86.ActiveCfg = Debug|Any CPU
		{2C98691F-D961-4C35-A1F6-051950B58E9F}.Debug|x86.Build.0 = Debug|Any CPU
		{2C98691F-D961-4C35-A1F6-051950B58E9F}.Release|Any CPU.ActiveCfg = Release|Any CPU
		{2C98691F-D961-4C35-A1F6-051950B58E9F}.Release|Any CPU.Build.0 = Release|Any CPU
		{2C98691F-D961-4C35-A1F6-051950B58E9F}.Release|x86.ActiveCfg = Release|Any CPU
		{2C98691F-D961-4C35-A1F6-051950B58E9F}.Release|x86.Build.0 = Release|Any CPU
		{0F491DC5-AB1D-4633-8E49-70BD0B72B5EF}.Debug|Any CPU.ActiveCfg = Debug|x86
		{0F491DC5-AB1D-4633-8E49-70BD0B72B5EF}.Debug|x86.ActiveCfg = Debug|x86
		{0F491DC5-AB1D-4633-8E49-70BD0B72B5EF}.Debug|x86.Build.0 = Debug|x86
		{0F491DC5-AB1D-4633-8E49-70BD0B72B5EF}.Release|Any CPU.ActiveCfg = Release|x86
		{0F491DC5-AB1D-4633-8E49-70BD0B72B5EF}.Release|x86.ActiveCfg = Release|x86
		{0F491DC5-AB1D-4633-8E49-70BD0B72B5EF}.Release|x86.Build.0 = Release|x86
		{C784DC61-A67E-494B-ACD1-BF31FA2F8B66}.Debug|Any CPU.ActiveCfg = Debug|x86
		{C784DC61-A67E-494B-ACD1-BF31FA2F8B66}.Debug|x86.ActiveCfg = Debug|x86
		{C784DC61-A67E-494B-ACD1-BF31FA2F8B66}.Debug|x86.Build.0 = Debug|x86
		{C784DC61-A67E-494B-ACD1-BF31FA2F8B66}.Release|Any CPU.ActiveCfg = Release|x86
		{C784DC61-A67E-494B-ACD1-BF31FA2F8B66}.Release|x86.ActiveCfg = Release|x86
		{C784DC61-A67E-494B-ACD1-BF31FA2F8B66}.Release|x86.Build.0 = Release|x86
		{57DE4238-2F10-4D8D-BEDE-0156D23AB692}.Debug|Any CPU.ActiveCfg = Debug|x86
		{57DE4238-2F10-4D8D-BEDE-0156D23AB692}.Debug|x86.ActiveCfg = Debug|x86
		{57DE4238-2F10-4D8D-BEDE-0156D23AB692}.Debug|x86.Build.0 = Debug|x86
		{57DE4238-2F10-4D8D-BEDE-0156D23AB692}.Release|Any CPU.ActiveCfg = Release|x86
		{57DE4238-2F10-4D8D-BEDE-0156D23AB692}.Release|x86.ActiveCfg = Release|x86
		{57DE4238-2F10-4D8D-BEDE-0156D23AB692}.Release|x86.Build.0 = Release|x86
		{9883D00F-FC2F-485D-BE0B-045267F06767}.Debug|Any CPU.ActiveCfg = Debug|Any CPU
		{9883D00F-FC2F-485D-BE0B-045267F06767}.Debug|Any CPU.Build.0 = Debug|Any CPU
		{9883D00F-FC2F-485D-BE0B-045267F06767}.Debug|x86.ActiveCfg = Debug|Any CPU
		{9883D00F-FC2F-485D-BE0B-045267F06767}.Debug|x86.Build.0 = Debug|Any CPU
		{9883D00F-FC2F-485D-BE0B-045267F06767}.Release|Any CPU.ActiveCfg = Release|Any CPU
		{9883D00F-FC2F-485D-BE0B-045267F06767}.Release|Any CPU.Build.0 = Release|Any CPU
		{9883D00F-FC2F-485D-BE0B-045267F06767}.Release|x86.ActiveCfg = Release|Any CPU
		{9883D00F-FC2F-485D-BE0B-045267F06767}.Release|x86.Build.0 = Release|Any CPU
		{051480D8-6D42-47D2-B2D6-4802D6855258}.Debug|Any CPU.ActiveCfg = Debug|Any CPU
		{051480D8-6D42-47D2-B2D6-4802D6855258}.Debug|Any CPU.Build.0 = Debug|Any CPU
		{051480D8-6D42-47D2-B2D6-4802D6855258}.Debug|x86.ActiveCfg = Debug|Any CPU
		{051480D8-6D42-47D2-B2D6-4802D6855258}.Debug|x86.Build.0 = Debug|Any CPU
		{051480D8-6D42-47D2-B2D6-4802D6855258}.Release|Any CPU.ActiveCfg = Release|Any CPU
		{051480D8-6D42-47D2-B2D6-4802D6855258}.Release|Any CPU.Build.0 = Release|Any CPU
		{051480D8-6D42-47D2-B2D6-4802D6855258}.Release|x86.ActiveCfg = Release|Any CPU
		{051480D8-6D42-47D2-B2D6-4802D6855258}.Release|x86.Build.0 = Release|Any CPU
		{D91FD9E6-7461-4A56-B7BA-32BCE466880D}.Debug|Any CPU.ActiveCfg = Debug|Any CPU
		{D91FD9E6-7461-4A56-B7BA-32BCE466880D}.Debug|Any CPU.Build.0 = Debug|Any CPU
		{D91FD9E6-7461-4A56-B7BA-32BCE466880D}.Debug|x86.ActiveCfg = Debug|Any CPU
		{D91FD9E6-7461-4A56-B7BA-32BCE466880D}.Debug|x86.Build.0 = Debug|Any CPU
		{D91FD9E6-7461-4A56-B7BA-32BCE466880D}.Release|Any CPU.ActiveCfg = Release|Any CPU
		{D91FD9E6-7461-4A56-B7BA-32BCE466880D}.Release|Any CPU.Build.0 = Release|Any CPU
		{D91FD9E6-7461-4A56-B7BA-32BCE466880D}.Release|x86.ActiveCfg = Release|Any CPU
		{D91FD9E6-7461-4A56-B7BA-32BCE466880D}.Release|x86.Build.0 = Release|Any CPU
		{96A97ACB-3ABC-4176-8736-90982ED3707C}.Debug|Any CPU.ActiveCfg = Debug|Any CPU
		{96A97ACB-3ABC-4176-8736-90982ED3707C}.Debug|Any CPU.Build.0 = Debug|Any CPU
		{96A97ACB-3ABC-4176-8736-90982ED3707C}.Debug|x86.ActiveCfg = Debug|Any CPU
		{96A97ACB-3ABC-4176-8736-90982ED3707C}.Debug|x86.Build.0 = Debug|Any CPU
		{96A97ACB-3ABC-4176-8736-90982ED3707C}.Release|Any CPU.ActiveCfg = Release|Any CPU
		{96A97ACB-3ABC-4176-8736-90982ED3707C}.Release|Any CPU.Build.0 = Release|Any CPU
		{96A97ACB-3ABC-4176-8736-90982ED3707C}.Release|x86.ActiveCfg = Release|Any CPU
		{96A97ACB-3ABC-4176-8736-90982ED3707C}.Release|x86.Build.0 = Release|Any CPU
		{A3527CC1-4012-4492-9B45-DFABC90EA9AE}.Debug|Any CPU.ActiveCfg = Debug|Any CPU
		{A3527CC1-4012-4492-9B45-DFABC90EA9AE}.Debug|Any CPU.Build.0 = Debug|Any CPU
		{A3527CC1-4012-4492-9B45-DFABC90EA9AE}.Debug|x86.ActiveCfg = Debug|Any CPU
		{A3527CC1-4012-4492-9B45-DFABC90EA9AE}.Debug|x86.Build.0 = Debug|Any CPU
		{A3527CC1-4012-4492-9B45-DFABC90EA9AE}.Release|Any CPU.ActiveCfg = Release|Any CPU
		{A3527CC1-4012-4492-9B45-DFABC90EA9AE}.Release|Any CPU.Build.0 = Release|Any CPU
		{A3527CC1-4012-4492-9B45-DFABC90EA9AE}.Release|x86.ActiveCfg = Release|Any CPU
		{A3527CC1-4012-4492-9B45-DFABC90EA9AE}.Release|x86.Build.0 = Release|Any CPU
		{6A704FFD-A7E1-48AB-B1B5-286A5C538AFD}.Debug|Any CPU.ActiveCfg = Debug|Any CPU
		{6A704FFD-A7E1-48AB-B1B5-286A5C538AFD}.Debug|Any CPU.Build.0 = Debug|Any CPU
		{6A704FFD-A7E1-48AB-B1B5-286A5C538AFD}.Debug|x86.ActiveCfg = Debug|Any CPU
		{6A704FFD-A7E1-48AB-B1B5-286A5C538AFD}.Debug|x86.Build.0 = Debug|Any CPU
		{6A704FFD-A7E1-48AB-B1B5-286A5C538AFD}.Release|Any CPU.ActiveCfg = Release|Any CPU
		{6A704FFD-A7E1-48AB-B1B5-286A5C538AFD}.Release|Any CPU.Build.0 = Release|Any CPU
		{6A704FFD-A7E1-48AB-B1B5-286A5C538AFD}.Release|x86.ActiveCfg = Release|Any CPU
		{6A704FFD-A7E1-48AB-B1B5-286A5C538AFD}.Release|x86.Build.0 = Release|Any CPU
		{75FEAE65-DACB-4CDC-BCFD-757C7C88C540}.Debug|Any CPU.ActiveCfg = Debug|Any CPU
		{75FEAE65-DACB-4CDC-BCFD-757C7C88C540}.Debug|Any CPU.Build.0 = Debug|Any CPU
		{75FEAE65-DACB-4CDC-BCFD-757C7C88C540}.Debug|x86.ActiveCfg = Debug|Any CPU
		{75FEAE65-DACB-4CDC-BCFD-757C7C88C540}.Debug|x86.Build.0 = Debug|Any CPU
		{75FEAE65-DACB-4CDC-BCFD-757C7C88C540}.Release|Any CPU.ActiveCfg = Release|Any CPU
		{75FEAE65-DACB-4CDC-BCFD-757C7C88C540}.Release|Any CPU.Build.0 = Release|Any CPU
		{75FEAE65-DACB-4CDC-BCFD-757C7C88C540}.Release|x86.ActiveCfg = Release|Any CPU
		{75FEAE65-DACB-4CDC-BCFD-757C7C88C540}.Release|x86.Build.0 = Release|Any CPU
		{C47D1776-C4D1-4DEA-B0E8-8EAC5009C39F}.Debug|Any CPU.ActiveCfg = Debug|Any CPU
		{C47D1776-C4D1-4DEA-B0E8-8EAC5009C39F}.Debug|Any CPU.Build.0 = Debug|Any CPU
		{C47D1776-C4D1-4DEA-B0E8-8EAC5009C39F}.Debug|x86.ActiveCfg = Debug|Any CPU
		{C47D1776-C4D1-4DEA-B0E8-8EAC5009C39F}.Debug|x86.Build.0 = Debug|Any CPU
		{C47D1776-C4D1-4DEA-B0E8-8EAC5009C39F}.Release|Any CPU.ActiveCfg = Release|Any CPU
		{C47D1776-C4D1-4DEA-B0E8-8EAC5009C39F}.Release|Any CPU.Build.0 = Release|Any CPU
		{C47D1776-C4D1-4DEA-B0E8-8EAC5009C39F}.Release|x86.ActiveCfg = Release|Any CPU
		{C47D1776-C4D1-4DEA-B0E8-8EAC5009C39F}.Release|x86.Build.0 = Release|Any CPU
		{2A1353F9-0D51-4A6A-B95D-001DE080B6BC}.Debug|Any CPU.ActiveCfg = Debug|Any CPU
		{2A1353F9-0D51-4A6A-B95D-001DE080B6BC}.Debug|Any CPU.Build.0 = Debug|Any CPU
		{2A1353F9-0D51-4A6A-B95D-001DE080B6BC}.Debug|x86.ActiveCfg = Debug|Any CPU
		{2A1353F9-0D51-4A6A-B95D-001DE080B6BC}.Debug|x86.Build.0 = Debug|Any CPU
		{2A1353F9-0D51-4A6A-B95D-001DE080B6BC}.Release|Any CPU.ActiveCfg = Release|Any CPU
		{2A1353F9-0D51-4A6A-B95D-001DE080B6BC}.Release|Any CPU.Build.0 = Release|Any CPU
		{2A1353F9-0D51-4A6A-B95D-001DE080B6BC}.Release|x86.ActiveCfg = Release|Any CPU
		{2A1353F9-0D51-4A6A-B95D-001DE080B6BC}.Release|x86.Build.0 = Release|Any CPU
		{70FEDF40-1429-4946-B627-80E2A78A6D8B}.Debug|Any CPU.ActiveCfg = Debug|Any CPU
		{70FEDF40-1429-4946-B627-80E2A78A6D8B}.Debug|Any CPU.Build.0 = Debug|Any CPU
		{70FEDF40-1429-4946-B627-80E2A78A6D8B}.Debug|x86.ActiveCfg = Debug|Any CPU
		{70FEDF40-1429-4946-B627-80E2A78A6D8B}.Debug|x86.Build.0 = Debug|Any CPU
		{70FEDF40-1429-4946-B627-80E2A78A6D8B}.Release|Any CPU.ActiveCfg = Release|Any CPU
		{70FEDF40-1429-4946-B627-80E2A78A6D8B}.Release|Any CPU.Build.0 = Release|Any CPU
		{70FEDF40-1429-4946-B627-80E2A78A6D8B}.Release|x86.ActiveCfg = Release|Any CPU
		{70FEDF40-1429-4946-B627-80E2A78A6D8B}.Release|x86.Build.0 = Release|Any CPU
		{9A3A4FE2-BCD1-4C4A-A1B0-2839F6F47A8A}.Debug|Any CPU.ActiveCfg = Debug|Any CPU
		{9A3A4FE2-BCD1-4C4A-A1B0-2839F6F47A8A}.Debug|Any CPU.Build.0 = Debug|Any CPU
		{9A3A4FE2-BCD1-4C4A-A1B0-2839F6F47A8A}.Debug|x86.ActiveCfg = Debug|Any CPU
		{9A3A4FE2-BCD1-4C4A-A1B0-2839F6F47A8A}.Debug|x86.Build.0 = Debug|Any CPU
		{9A3A4FE2-BCD1-4C4A-A1B0-2839F6F47A8A}.Release|Any CPU.ActiveCfg = Release|Any CPU
		{9A3A4FE2-BCD1-4C4A-A1B0-2839F6F47A8A}.Release|Any CPU.Build.0 = Release|Any CPU
		{9A3A4FE2-BCD1-4C4A-A1B0-2839F6F47A8A}.Release|x86.ActiveCfg = Release|Any CPU
		{9A3A4FE2-BCD1-4C4A-A1B0-2839F6F47A8A}.Release|x86.Build.0 = Release|Any CPU
	EndGlobalSection
	GlobalSection(SolutionProperties) = preSolution
		HideSolutionNode = FALSE
	EndGlobalSection
	GlobalSection(NestedProjects) = preSolution
		{B8C56809-600D-42A4-9AE6-C9F2D0F65F2B} = {70683B93-554C-45C0-B01E-CCC64854B1E7}
		{B19D38D1-D78F-401D-BC29-ECC8199D52EE} = {70683B93-554C-45C0-B01E-CCC64854B1E7}
		{035B7F13-D524-40C2-8260-19CBCF78D168} = {70683B93-554C-45C0-B01E-CCC64854B1E7}
		{E948D261-5380-47CB-A439-484885281B2E} = {A98C18E5-BFA9-4646-AF87-905914137FA5}
		{47845F80-110D-4E65-A089-1EFB41C498F1} = {A98C18E5-BFA9-4646-AF87-905914137FA5}
		{4C7C0200-9B04-4957-877E-9DBC40B27E01} = {A98C18E5-BFA9-4646-AF87-905914137FA5}
		{1BD28FE9-2368-4538-AB41-8CDF617F5F2C} = {A98C18E5-BFA9-4646-AF87-905914137FA5}
		{4D6DA908-CED3-4869-BFA8-27E8CD4961DA} = {CD8BD7F4-3D6A-46E9-A9B6-5ADFEE4B6CB5}
		{22A049D9-F697-4C65-9F6F-8BB53C4DDD3A} = {CD8BD7F4-3D6A-46E9-A9B6-5ADFEE4B6CB5}
		{D4CEFAC0-825C-48A5-B7DA-65FA4B197F29} = {C9FBE807-ED41-4CFC-836C-50BECFF062F5}
		{AE379D31-70D0-4383-AE5F-EE0412F0EEBC} = {C9FBE807-ED41-4CFC-836C-50BECFF062F5}
		{79BA599E-5479-4DB0-B14A-9FD3F93B220F} = {C9FBE807-ED41-4CFC-836C-50BECFF062F5}
		{54A7CA6D-5768-4089-BA52-4B06459C280C} = {C9FBE807-ED41-4CFC-836C-50BECFF062F5}
		{A35F5632-06DB-43CE-907B-01C209B85C15} = {C9FBE807-ED41-4CFC-836C-50BECFF062F5}
		{AC748865-0FA1-4ACB-86C5-99FC8A41FCEF} = {C9FBE807-ED41-4CFC-836C-50BECFF062F5}
		{66D44372-5CED-496C-9C93-D52EB4BE3349} = {CBA00A2D-6F82-4136-A5D2-E9AA3A628DEA}
		{089985E8-645B-445E-A0E6-A99982BD6062} = {CBA00A2D-6F82-4136-A5D2-E9AA3A628DEA}
		{2C54E2FC-78F2-47B8-A685-7F3882CBE551} = {CBA00A2D-6F82-4136-A5D2-E9AA3A628DEA}
		{F086415D-4C61-46CC-A130-415EED520D3D} = {E0DB6912-7CD4-4DA9-8998-1D8EB8FA73F4}
		{086DEEB3-3A8C-4EC0-961E-A9551F9E8F4A} = {E0DB6912-7CD4-4DA9-8998-1D8EB8FA73F4}
		{73549FC3-8E7E-4A03-933A-B5CDF36DC0CC} = {87227A32-E5D6-4D08-A247-96FBBF5FC035}
		{9F53F9F0-92E1-4D4D-AA4D-8B3C81CC2F15} = {CBA00A2D-6F82-4136-A5D2-E9AA3A628DEA}
		{B767C0BE-06A6-405F-8760-93567931F503} = {51DD1A28-DAE7-4B53-A7A2-4C66172A78B7}
		{DD025DFE-64C9-4351-AD8D-50A57DEDBC0F} = {51DD1A28-DAE7-4B53-A7A2-4C66172A78B7}
		{FF1BE390-6753-4A58-9416-EC22075E7AE1} = {630438EC-05B0-4078-8523-DC122CF1C040}
		{8FCC39C5-3FAA-4F0A-A232-15DB392ACD6E} = {90F749DB-F337-497A-A56C-9BBD84A110EE}
		{EBD6EC71-1D48-4396-938B-E33772DF4BBD} = {90F749DB-F337-497A-A56C-9BBD84A110EE}
		{20481E5D-B253-4D05-922F-439A0377D600} = {5DFFB275-6FBA-45FB-926B-BF30D6E8F00F}
		{6248F71A-09BA-4C0C-BD49-77FFA2BAE13A} = {87227A32-E5D6-4D08-A247-96FBBF5FC035}
		{C0C908B0-FE74-4498-B460-C3BDDB69C0B5} = {87227A32-E5D6-4D08-A247-96FBBF5FC035}
		{9AF1D685-2909-443F-BA9A-91EF2BEDA994} = {87227A32-E5D6-4D08-A247-96FBBF5FC035}
		{583306B4-30CC-4638-B8EC-B4AAA6D25FBE} = {B028978C-6330-4BE5-98F8-78D57F9F525C}
		{E8589AEF-654C-45CD-8358-2DBB5FF404CF} = {5DFFB275-6FBA-45FB-926B-BF30D6E8F00F}
		{58B70F99-9A86-40D6-BCBA-0A20E74E139F} = {C9FBE807-ED41-4CFC-836C-50BECFF062F5}
		{16029B39-B568-4F7B-97DE-4C4E5196E068} = {5DFFB275-6FBA-45FB-926B-BF30D6E8F00F}
		{CE972432-A9B1-4EB6-A41A-E6BDC9223828} = {5DFFB275-6FBA-45FB-926B-BF30D6E8F00F}
		{DE68079D-98AB-4670-81C0-10590D6286E5} = {381DC3DE-F232-4124-BF86-CD298A5D5E64}
		{BD4DB544-B7C3-49E7-83E8-2E3FBE2AB6DE} = {381DC3DE-F232-4124-BF86-CD298A5D5E64}
		{3D74215E-0A83-4055-92FC-3022717EF172} = {381DC3DE-F232-4124-BF86-CD298A5D5E64}
		{2C98691F-D961-4C35-A1F6-051950B58E9F} = {381DC3DE-F232-4124-BF86-CD298A5D5E64}
		{0F491DC5-AB1D-4633-8E49-70BD0B72B5EF} = {8870DD37-9540-43EA-BA25-4229F9332A53}
		{C784DC61-A67E-494B-ACD1-BF31FA2F8B66} = {8870DD37-9540-43EA-BA25-4229F9332A53}
		{57DE4238-2F10-4D8D-BEDE-0156D23AB692} = {8870DD37-9540-43EA-BA25-4229F9332A53}
		{9883D00F-FC2F-485D-BE0B-045267F06767} = {423C1138-C0C2-46A6-9DD8-849B2A28AE51}
		{051480D8-6D42-47D2-B2D6-4802D6855258} = {496489F9-02C9-4DBD-8530-4B222547D794}
		{D91FD9E6-7461-4A56-B7BA-32BCE466880D} = {1608D7A5-C09F-46B7-8A90-D90836532C0B}
		{96A97ACB-3ABC-4176-8736-90982ED3707C} = {B028978C-6330-4BE5-98F8-78D57F9F525C}
		{A3527CC1-4012-4492-9B45-DFABC90EA9AE} = {EB5004D0-DFD4-42ED-B384-6A8D59A27693}
		{6A704FFD-A7E1-48AB-B1B5-286A5C538AFD} = {B028978C-6330-4BE5-98F8-78D57F9F525C}
		{75FEAE65-DACB-4CDC-BCFD-757C7C88C540} = {B028978C-6330-4BE5-98F8-78D57F9F525C}
		{C47D1776-C4D1-4DEA-B0E8-8EAC5009C39F} = {B028978C-6330-4BE5-98F8-78D57F9F525C}
		{2A1353F9-0D51-4A6A-B95D-001DE080B6BC} = {B028978C-6330-4BE5-98F8-78D57F9F525C}
		{70FEDF40-1429-4946-B627-80E2A78A6D8B} = {B028978C-6330-4BE5-98F8-78D57F9F525C}
		{9A3A4FE2-BCD1-4C4A-A1B0-2839F6F47A8A} = {B028978C-6330-4BE5-98F8-78D57F9F525C}
	EndGlobalSection
	GlobalSection(ExtensibilityGlobals) = postSolution
		SolutionGuid = {5348858E-F6E0-49C7-AC90-1FD9866C5E0A}
	EndGlobalSection
EndGlobal
